
Microsoft Visual Studio Solution File, Format Version 12.00
# Visual Studio Version 17
VisualStudioVersion = 17.4.33213.308
MinimumVisualStudioVersion = 10.0.40219.1
Project("{FAE04EC0-301F-11D3-BF4B-00C04F79EFBC}") = "Module_9_3_2", "Module_9_3_2.csproj", "{E0C1DD28-C8C6-4581-8765-0BA419ACB106}"
EndProject
Global
	GlobalSection(SolutionConfigurationPlatforms) = preSolution
		Debug|Any CPU = Debug|Any CPU
		Release|Any CPU = Release|Any CPU
	EndGlobalSection
	GlobalSection(ProjectConfigurationPlatforms) = postSolution
		{E0C1DD28-C8C6-4581-8765-0BA419ACB106}.Debug|Any CPU.ActiveCfg = Debug|Any CPU
		{E0C1DD28-C8C6-4581-8765-0BA419ACB106}.Debug|Any CPU.Build.0 = Debug|Any CPU
		{E0C1DD28-C8C6-4581-8765-0BA419ACB106}.Release|Any CPU.ActiveCfg = Release|Any CPU
		{E0C1DD28-C8C6-4581-8765-0BA419ACB106}.Release|Any CPU.Build.0 = Release|Any CPU
	EndGlobalSection
	GlobalSection(SolutionProperties) = preSolution
		HideSolutionNode = FALSE
	EndGlobalSection
	GlobalSection(ExtensibilityGlobals) = postSolution
		SolutionGuid = {AE6E021F-A6DE-4838-BD82-0DCC1D9903AC}
	EndGlobalSection
EndGlobal
